
Microsoft Visual Studio Solution File, Format Version 12.00
# Visual Studio Version 17
VisualStudioVersion = 17.7.34031.279
MinimumVisualStudioVersion = 10.0.40219.1
Project("{FAE04EC0-301F-11D3-BF4B-00C04F79EFBC}") = "OpenWeatherMapConsole", "OpenWeatherMapConsole\OpenWeatherMapConsole.csproj", "{F6D315C0-F130-4C35-8BED-1105FDEDA529}"
EndProject
Global
	GlobalSection(SolutionConfigurationPlatforms) = preSolution
		Debug|Any CPU = Debug|Any CPU
		Release|Any CPU = Release|Any CPU
	EndGlobalSection
	GlobalSection(ProjectConfigurationPlatforms) = postSolution
		{F6D315C0-F130-4C35-8BED-1105FDEDA529}.Debug|Any CPU.ActiveCfg = Debug|Any CPU
		{F6D315C0-F130-4C35-8BED-1105FDEDA529}.Debug|Any CPU.Build.0 = Debug|Any CPU
		{F6D315C0-F130-4C35-8BED-1105FDEDA529}.Release|Any CPU.ActiveCfg = Release|Any CPU
		{F6D315C0-F130-4C35-8BED-1105FDEDA529}.Release|Any CPU.Build.0 = Release|Any CPU
	EndGlobalSection
	GlobalSection(SolutionProperties) = preSolution
		HideSolutionNode = FALSE
	EndGlobalSection
	GlobalSection(ExtensibilityGlobals) = postSolution
		SolutionGuid = {61F5EE8E-A712-48D7-9980-EE7BF230F3B0}
	EndGlobalSection
EndGlobal
